
Microsoft Visual Studio Solution File, Format Version 12.00
# Visual Studio Version 17
VisualStudioVersion = 17.0.31903.59
MinimumVisualStudioVersion = 10.0.40219.1
Project("{FAE04EC0-301F-11D3-BF4B-00C04F79EFBC}") = "Apicrc", "Apicrc\Apicrc.csproj", "{3E579DA3-947E-4891-80A3-C13BBF77F0AC}"
EndProject
Project("{FAE04EC0-301F-11D3-BF4B-00C04F79EFBC}") = "Application", "Application\Application.csproj", "{5DC4E941-5506-4B88-B244-8BB6D8577C4C}"
EndProject
Project("{FAE04EC0-301F-11D3-BF4B-00C04F79EFBC}") = "Domain", "Domain\Domain.csproj", "{FE7F4B61-CB4F-43C1-994E-5B83D4FCE9F0}"
EndProject
Project("{FAE04EC0-301F-11D3-BF4B-00C04F79EFBC}") = "Persistence", "Persistence\Persistence.csproj", "{930281B2-3DB4-4E04-B62D-6AB478B844FD}"
EndProject
Global
	GlobalSection(SolutionConfigurationPlatforms) = preSolution
		Debug|Any CPU = Debug|Any CPU
		Release|Any CPU = Release|Any CPU
	EndGlobalSection
	GlobalSection(SolutionProperties) = preSolution
		HideSolutionNode = FALSE
	EndGlobalSection
	GlobalSection(ProjectConfigurationPlatforms) = postSolution
		{3E579DA3-947E-4891-80A3-C13BBF77F0AC}.Debug|Any CPU.ActiveCfg = Debug|Any CPU
		{3E579DA3-947E-4891-80A3-C13BBF77F0AC}.Debug|Any CPU.Build.0 = Debug|Any CPU
		{3E579DA3-947E-4891-80A3-C13BBF77F0AC}.Release|Any CPU.ActiveCfg = Release|Any CPU
		{3E579DA3-947E-4891-80A3-C13BBF77F0AC}.Release|Any CPU.Build.0 = Release|Any CPU
		{5DC4E941-5506-4B88-B244-8BB6D8577C4C}.Debug|Any CPU.ActiveCfg = Debug|Any CPU
		{5DC4E941-5506-4B88-B244-8BB6D8577C4C}.Debug|Any CPU.Build.0 = Debug|Any CPU
		{5DC4E941-5506-4B88-B244-8BB6D8577C4C}.Release|Any CPU.ActiveCfg = Release|Any CPU
		{5DC4E941-5506-4B88-B244-8BB6D8577C4C}.Release|Any CPU.Build.0 = Release|Any CPU
		{FE7F4B61-CB4F-43C1-994E-5B83D4FCE9F0}.Debug|Any CPU.ActiveCfg = Debug|Any CPU
		{FE7F4B61-CB4F-43C1-994E-5B83D4FCE9F0}.Debug|Any CPU.Build.0 = Debug|Any CPU
		{FE7F4B61-CB4F-43C1-994E-5B83D4FCE9F0}.Release|Any CPU.ActiveCfg = Release|Any CPU
		{FE7F4B61-CB4F-43C1-994E-5B83D4FCE9F0}.Release|Any CPU.Build.0 = Release|Any CPU
		{930281B2-3DB4-4E04-B62D-6AB478B844FD}.Debug|Any CPU.ActiveCfg = Debug|Any CPU
		{930281B2-3DB4-4E04-B62D-6AB478B844FD}.Debug|Any CPU.Build.0 = Debug|Any CPU
		{930281B2-3DB4-4E04-B62D-6AB478B844FD}.Release|Any CPU.ActiveCfg = Release|Any CPU
		{930281B2-3DB4-4E04-B62D-6AB478B844FD}.Release|Any CPU.Build.0 = Release|Any CPU
	EndGlobalSection
EndGlobal
